// !$*UTF8*$!
{
	archiveVersion = 1;
	classes = {
	};
	objectVersion = 46;
	objects = {

/* Begin PBXBuildFile section */
		3E36B1701DF2033000385315 /* CouponTableViewController.swift in Sources */ = {isa = PBXBuildFile; fileRef = 3E36B16F1DF2033000385315 /* CouponTableViewController.swift */; };
		3E36B1731DF203FC00385315 /* DetailCouponViewController.swift in Sources */ = {isa = PBXBuildFile; fileRef = 3E36B1721DF203FC00385315 /* DetailCouponViewController.swift */; };
		3E36B1751DF2046D00385315 /* AddEditCouponViewController.swift in Sources */ = {isa = PBXBuildFile; fileRef = 3E36B1741DF2046D00385315 /* AddEditCouponViewController.swift */; };
		3E36B1771DF2048F00385315 /* CouponTableViewCell.swift in Sources */ = {isa = PBXBuildFile; fileRef = 3E36B1761DF2048F00385315 /* CouponTableViewCell.swift */; };
		3E36B1791DF2133000385315 /* GenerateBarcode.swift in Sources */ = {isa = PBXBuildFile; fileRef = 3E36B1781DF2133000385315 /* GenerateBarcode.swift */; };
		3E37D3591DF09E4A0054C4DA /* AppDelegate.swift in Sources */ = {isa = PBXBuildFile; fileRef = 3E37D3581DF09E4A0054C4DA /* AppDelegate.swift */; };
		3E37D35B1DF09E4A0054C4DA /* FavoriteViewController.swift in Sources */ = {isa = PBXBuildFile; fileRef = 3E37D35A1DF09E4A0054C4DA /* FavoriteViewController.swift */; };
		3E37D3621DF09E4A0054C4DA /* Assets.xcassets in Resources */ = {isa = PBXBuildFile; fileRef = 3E37D3611DF09E4A0054C4DA /* Assets.xcassets */; };
		3E37D3651DF09E4A0054C4DA /* LaunchScreen.storyboard in Resources */ = {isa = PBXBuildFile; fileRef = 3E37D3631DF09E4A0054C4DA /* LaunchScreen.storyboard */; };
		42140E3B1DF7CDD9003B287B /* Brand+CoreDataClass.swift in Sources */ = {isa = PBXBuildFile; fileRef = 42140E311DF7CDD9003B287B /* Brand+CoreDataClass.swift */; };
		42140E3C1DF7CDD9003B287B /* Brand+CoreDataProperties.swift in Sources */ = {isa = PBXBuildFile; fileRef = 42140E321DF7CDD9003B287B /* Brand+CoreDataProperties.swift */; };
		42140E3D1DF7CDD9003B287B /* Category+CoreDataClass.swift in Sources */ = {isa = PBXBuildFile; fileRef = 42140E331DF7CDD9003B287B /* Category+CoreDataClass.swift */; };
		42140E3E1DF7CDD9003B287B /* Category+CoreDataProperties.swift in Sources */ = {isa = PBXBuildFile; fileRef = 42140E341DF7CDD9003B287B /* Category+CoreDataProperties.swift */; };
		42140E3F1DF7CDD9003B287B /* Membership+CoreDataClass.swift in Sources */ = {isa = PBXBuildFile; fileRef = 42140E351DF7CDD9003B287B /* Membership+CoreDataClass.swift */; };
		42140E401DF7CDD9003B287B /* Membership+CoreDataProperties.swift in Sources */ = {isa = PBXBuildFile; fileRef = 42140E361DF7CDD9003B287B /* Membership+CoreDataProperties.swift */; };
		42140E411DF7CDD9003B287B /* Coupon+CoreDataClass.swift in Sources */ = {isa = PBXBuildFile; fileRef = 42140E371DF7CDD9003B287B /* Coupon+CoreDataClass.swift */; };
		42140E421DF7CDD9003B287B /* Coupon+CoreDataProperties.swift in Sources */ = {isa = PBXBuildFile; fileRef = 42140E381DF7CDD9003B287B /* Coupon+CoreDataProperties.swift */; };
		42140E431DF7CDD9003B287B /* Image+CoreDataClass.swift in Sources */ = {isa = PBXBuildFile; fileRef = 42140E391DF7CDD9003B287B /* Image+CoreDataClass.swift */; };
		42140E441DF7CDD9003B287B /* Image+CoreDataProperties.swift in Sources */ = {isa = PBXBuildFile; fileRef = 42140E3A1DF7CDD9003B287B /* Image+CoreDataProperties.swift */; };
		42976BD81DF6B37300ADB0D7 /* CouponCell.swift in Sources */ = {isa = PBXBuildFile; fileRef = 42976BD71DF6B37300ADB0D7 /* CouponCell.swift */; };
		42976BDC1DF6B38100ADB0D7 /* CouponViewController.swift in Sources */ = {isa = PBXBuildFile; fileRef = 42976BD91DF6B38100ADB0D7 /* CouponViewController.swift */; };
		42976BDD1DF6B38100ADB0D7 /* CouponDetailViewController.swift in Sources */ = {isa = PBXBuildFile; fileRef = 42976BDA1DF6B38100ADB0D7 /* CouponDetailViewController.swift */; };
		42976BDE1DF6B38100ADB0D7 /* CouponAddViewController.swift in Sources */ = {isa = PBXBuildFile; fileRef = 42976BDB1DF6B38100ADB0D7 /* CouponAddViewController.swift */; };
		42976BE01DF6B39200ADB0D7 /* DBUtil.swift in Sources */ = {isa = PBXBuildFile; fileRef = 42976BDF1DF6B39200ADB0D7 /* DBUtil.swift */; };
		42976BF71DF6B48100ADB0D7 /* Main.storyboard in Resources */ = {isa = PBXBuildFile; fileRef = 42976BF61DF6B48100ADB0D7 /* Main.storyboard */; };
		42976C0A1DF6C23800ADB0D7 /* Model.xcdatamodeld in Sources */ = {isa = PBXBuildFile; fileRef = 42976C081DF6C23800ADB0D7 /* Model.xcdatamodeld */; };
		A0C90BC01DFAA13100F58AB3 /* Function.swift in Sources */ = {isa = PBXBuildFile; fileRef = A0C90BBF1DFAA13100F58AB3 /* Function.swift */; };
		A0C90BC71DFAA14000F58AB3 /* MembershipClass.swift in Sources */ = {isa = PBXBuildFile; fileRef = A0C90BC11DFAA14000F58AB3 /* MembershipClass.swift */; };
		A0C90BC81DFAA14000F58AB3 /* MembershipCollectionVC.swift in Sources */ = {isa = PBXBuildFile; fileRef = A0C90BC21DFAA14000F58AB3 /* MembershipCollectionVC.swift */; };
		A0C90BC91DFAA14000F58AB3 /* MembershipCollectionVCell.swift in Sources */ = {isa = PBXBuildFile; fileRef = A0C90BC31DFAA14000F58AB3 /* MembershipCollectionVCell.swift */; };
		A0C90BCA1DFAA14000F58AB3 /* ShowMembershipVC.swift in Sources */ = {isa = PBXBuildFile; fileRef = A0C90BC41DFAA14000F58AB3 /* ShowMembershipVC.swift */; };
		A0C90BCB1DFAA14000F58AB3 /* AddEditMemebershipVC.swift in Sources */ = {isa = PBXBuildFile; fileRef = A0C90BC51DFAA14000F58AB3 /* AddEditMemebershipVC.swift */; };
		A0C90BCC1DFAA14000F58AB3 /* ChoiceMembershipVC.swift in Sources */ = {isa = PBXBuildFile; fileRef = A0C90BC61DFAA14000F58AB3 /* ChoiceMembershipVC.swift */; };
/* End PBXBuildFile section */

/* Begin PBXFileReference section */
		3E36B16F1DF2033000385315 /* CouponTableViewController.swift */ = {isa = PBXFileReference; fileEncoding = 4; lastKnownFileType = sourcecode.swift; path = CouponTableViewController.swift; sourceTree = "<group>"; };
		3E36B1721DF203FC00385315 /* DetailCouponViewController.swift */ = {isa = PBXFileReference; fileEncoding = 4; lastKnownFileType = sourcecode.swift; path = DetailCouponViewController.swift; sourceTree = "<group>"; };
		3E36B1741DF2046D00385315 /* AddEditCouponViewController.swift */ = {isa = PBXFileReference; fileEncoding = 4; lastKnownFileType = sourcecode.swift; path = AddEditCouponViewController.swift; sourceTree = "<group>"; };
		3E36B1761DF2048F00385315 /* CouponTableViewCell.swift */ = {isa = PBXFileReference; fileEncoding = 4; lastKnownFileType = sourcecode.swift; path = CouponTableViewCell.swift; sourceTree = "<group>"; };
		3E36B1781DF2133000385315 /* GenerateBarcode.swift */ = {isa = PBXFileReference; fileEncoding = 4; lastKnownFileType = sourcecode.swift; path = GenerateBarcode.swift; sourceTree = "<group>"; };
		3E37D3551DF09E4A0054C4DA /* MemebershipCoupon.app */ = {isa = PBXFileReference; explicitFileType = wrapper.application; includeInIndex = 0; path = MemebershipCoupon.app; sourceTree = BUILT_PRODUCTS_DIR; };
		3E37D3581DF09E4A0054C4DA /* AppDelegate.swift */ = {isa = PBXFileReference; lastKnownFileType = sourcecode.swift; path = AppDelegate.swift; sourceTree = "<group>"; };
		3E37D35A1DF09E4A0054C4DA /* FavoriteViewController.swift */ = {isa = PBXFileReference; lastKnownFileType = sourcecode.swift; path = FavoriteViewController.swift; sourceTree = "<group>"; };
		3E37D3611DF09E4A0054C4DA /* Assets.xcassets */ = {isa = PBXFileReference; lastKnownFileType = folder.assetcatalog; path = Assets.xcassets; sourceTree = "<group>"; };
		3E37D3641DF09E4A0054C4DA /* Base */ = {isa = PBXFileReference; lastKnownFileType = file.storyboard; name = Base; path = Base.lproj/LaunchScreen.storyboard; sourceTree = "<group>"; };
		3E37D3661DF09E4A0054C4DA /* Info.plist */ = {isa = PBXFileReference; lastKnownFileType = text.plist.xml; path = Info.plist; sourceTree = "<group>"; };
		42140E311DF7CDD9003B287B /* Brand+CoreDataClass.swift */ = {isa = PBXFileReference; fileEncoding = 4; lastKnownFileType = sourcecode.swift; path = "Brand+CoreDataClass.swift"; sourceTree = "<group>"; };
		42140E321DF7CDD9003B287B /* Brand+CoreDataProperties.swift */ = {isa = PBXFileReference; fileEncoding = 4; lastKnownFileType = sourcecode.swift; path = "Brand+CoreDataProperties.swift"; sourceTree = "<group>"; };
		42140E331DF7CDD9003B287B /* Category+CoreDataClass.swift */ = {isa = PBXFileReference; fileEncoding = 4; lastKnownFileType = sourcecode.swift; path = "Category+CoreDataClass.swift"; sourceTree = "<group>"; };
		42140E341DF7CDD9003B287B /* Category+CoreDataProperties.swift */ = {isa = PBXFileReference; fileEncoding = 4; lastKnownFileType = sourcecode.swift; path = "Category+CoreDataProperties.swift"; sourceTree = "<group>"; };
		42140E351DF7CDD9003B287B /* Membership+CoreDataClass.swift */ = {isa = PBXFileReference; fileEncoding = 4; lastKnownFileType = sourcecode.swift; path = "Membership+CoreDataClass.swift"; sourceTree = "<group>"; };
		42140E361DF7CDD9003B287B /* Membership+CoreDataProperties.swift */ = {isa = PBXFileReference; fileEncoding = 4; lastKnownFileType = sourcecode.swift; path = "Membership+CoreDataProperties.swift"; sourceTree = "<group>"; };
		42140E371DF7CDD9003B287B /* Coupon+CoreDataClass.swift */ = {isa = PBXFileReference; fileEncoding = 4; lastKnownFileType = sourcecode.swift; path = "Coupon+CoreDataClass.swift"; sourceTree = "<group>"; };
		42140E381DF7CDD9003B287B /* Coupon+CoreDataProperties.swift */ = {isa = PBXFileReference; fileEncoding = 4; lastKnownFileType = sourcecode.swift; path = "Coupon+CoreDataProperties.swift"; sourceTree = "<group>"; };
		42140E391DF7CDD9003B287B /* Image+CoreDataClass.swift */ = {isa = PBXFileReference; fileEncoding = 4; lastKnownFileType = sourcecode.swift; path = "Image+CoreDataClass.swift"; sourceTree = "<group>"; };
		42140E3A1DF7CDD9003B287B /* Image+CoreDataProperties.swift */ = {isa = PBXFileReference; fileEncoding = 4; lastKnownFileType = sourcecode.swift; path = "Image+CoreDataProperties.swift"; sourceTree = "<group>"; };
		42976BD71DF6B37300ADB0D7 /* CouponCell.swift */ = {isa = PBXFileReference; fileEncoding = 4; lastKnownFileType = sourcecode.swift; path = CouponCell.swift; sourceTree = "<group>"; };
		42976BD91DF6B38100ADB0D7 /* CouponViewController.swift */ = {isa = PBXFileReference; fileEncoding = 4; lastKnownFileType = sourcecode.swift; path = CouponViewController.swift; sourceTree = "<group>"; };
		42976BDA1DF6B38100ADB0D7 /* CouponDetailViewController.swift */ = {isa = PBXFileReference; fileEncoding = 4; lastKnownFileType = sourcecode.swift; path = CouponDetailViewController.swift; sourceTree = "<group>"; };
		42976BDB1DF6B38100ADB0D7 /* CouponAddViewController.swift */ = {isa = PBXFileReference; fileEncoding = 4; lastKnownFileType = sourcecode.swift; path = CouponAddViewController.swift; sourceTree = "<group>"; };
		42976BDF1DF6B39200ADB0D7 /* DBUtil.swift */ = {isa = PBXFileReference; fileEncoding = 4; lastKnownFileType = sourcecode.swift; path = DBUtil.swift; sourceTree = "<group>"; };
		42976BF61DF6B48100ADB0D7 /* Main.storyboard */ = {isa = PBXFileReference; fileEncoding = 4; lastKnownFileType = file.storyboard; path = Main.storyboard; sourceTree = "<group>"; };
		42976C091DF6C23800ADB0D7 /* Model.xcdatamodel */ = {isa = PBXFileReference; lastKnownFileType = wrapper.xcdatamodel; path = Model.xcdatamodel; sourceTree = "<group>"; };
		A0C90BBF1DFAA13100F58AB3 /* Function.swift */ = {isa = PBXFileReference; fileEncoding = 4; lastKnownFileType = sourcecode.swift; path = Function.swift; sourceTree = "<group>"; };
		A0C90BC11DFAA14000F58AB3 /* MembershipClass.swift */ = {isa = PBXFileReference; fileEncoding = 4; lastKnownFileType = sourcecode.swift; path = MembershipClass.swift; sourceTree = "<group>"; };
		A0C90BC21DFAA14000F58AB3 /* MembershipCollectionVC.swift */ = {isa = PBXFileReference; fileEncoding = 4; lastKnownFileType = sourcecode.swift; path = MembershipCollectionVC.swift; sourceTree = "<group>"; };
		A0C90BC31DFAA14000F58AB3 /* MembershipCollectionVCell.swift */ = {isa = PBXFileReference; fileEncoding = 4; lastKnownFileType = sourcecode.swift; path = MembershipCollectionVCell.swift; sourceTree = "<group>"; };
		A0C90BC41DFAA14000F58AB3 /* ShowMembershipVC.swift */ = {isa = PBXFileReference; fileEncoding = 4; lastKnownFileType = sourcecode.swift; path = ShowMembershipVC.swift; sourceTree = "<group>"; };
		A0C90BC51DFAA14000F58AB3 /* AddEditMemebershipVC.swift */ = {isa = PBXFileReference; fileEncoding = 4; lastKnownFileType = sourcecode.swift; path = AddEditMemebershipVC.swift; sourceTree = "<group>"; };
		A0C90BC61DFAA14000F58AB3 /* ChoiceMembershipVC.swift */ = {isa = PBXFileReference; fileEncoding = 4; lastKnownFileType = sourcecode.swift; path = ChoiceMembershipVC.swift; sourceTree = "<group>"; };
/* End PBXFileReference section */

/* Begin PBXFrameworksBuildPhase section */
		3E37D3521DF09E4A0054C4DA /* Frameworks */ = {
			isa = PBXFrameworksBuildPhase;
			buildActionMask = 2147483647;
			files = (
			);
			runOnlyForDeploymentPostprocessing = 0;
		};
/* End PBXFrameworksBuildPhase section */

/* Begin PBXGroup section */
		3E36B1711DF2036100385315 /* Coupon */ = {
			isa = PBXGroup;
			children = (
				42976BD91DF6B38100ADB0D7 /* CouponViewController.swift */,
				42976BDA1DF6B38100ADB0D7 /* CouponDetailViewController.swift */,
				42976BDB1DF6B38100ADB0D7 /* CouponAddViewController.swift */,
				42976BD71DF6B37300ADB0D7 /* CouponCell.swift */,
				42976BD61DF6B30100ADB0D7 /* mino */,
			);
			name = Coupon;
			sourceTree = "<group>";
		};
		3E37D34C1DF09E490054C4DA = {
			isa = PBXGroup;
			children = (
				3E37D3571DF09E4A0054C4DA /* MembershipCoupon */,
				3E37D3561DF09E4A0054C4DA /* Products */,
			);
			sourceTree = "<group>";
		};
		3E37D3561DF09E4A0054C4DA /* Products */ = {
			isa = PBXGroup;
			children = (
				3E37D3551DF09E4A0054C4DA /* MemebershipCoupon.app */,
			);
			name = Products;
			sourceTree = "<group>";
		};
		3E37D3571DF09E4A0054C4DA /* MembershipCoupon */ = {
			isa = PBXGroup;
			children = (
				42976C1B1DF6C4C400ADB0D7 /* DatabaseModel */,
				42976BA31DF27DFC00ADB0D7 /* Supporting Files */,
				42976BA11DF27DC900ADB0D7 /* Favorite */,
				42976BA01DF27DB000ADB0D7 /* Membership */,
				42976B9F1DF27D9600ADB0D7 /* Util */,
				3E37D3581DF09E4A0054C4DA /* AppDelegate.swift */,
				3E36B1711DF2036100385315 /* Coupon */,
				42976C081DF6C23800ADB0D7 /* Model.xcdatamodeld */,
				42976BF61DF6B48100ADB0D7 /* Main.storyboard */,
			);
			name = MembershipCoupon;
			path = CouponUI;
			sourceTree = "<group>";
		};
		42976B9F1DF27D9600ADB0D7 /* Util */ = {
			isa = PBXGroup;
			children = (
				42976BDF1DF6B39200ADB0D7 /* DBUtil.swift */,
				3E36B1781DF2133000385315 /* GenerateBarcode.swift */,
			);
			name = Util;
			sourceTree = "<group>";
		};
		42976BA01DF27DB000ADB0D7 /* Membership */ = {
			isa = PBXGroup;
			children = (
				A0C90BC11DFAA14000F58AB3 /* MembershipClass.swift */,
				A0C90BC21DFAA14000F58AB3 /* MembershipCollectionVC.swift */,
				A0C90BC31DFAA14000F58AB3 /* MembershipCollectionVCell.swift */,
				A0C90BC41DFAA14000F58AB3 /* ShowMembershipVC.swift */,
				A0C90BC51DFAA14000F58AB3 /* AddEditMemebershipVC.swift */,
				A0C90BC61DFAA14000F58AB3 /* ChoiceMembershipVC.swift */,
				A0C90BBF1DFAA13100F58AB3 /* Function.swift */,
			);
			name = Membership;
			sourceTree = "<group>";
		};
		42976BA11DF27DC900ADB0D7 /* Favorite */ = {
			isa = PBXGroup;
			children = (
				3E37D35A1DF09E4A0054C4DA /* FavoriteViewController.swift */,
			);
			name = Favorite;
			sourceTree = "<group>";
		};
		42976BA31DF27DFC00ADB0D7 /* Supporting Files */ = {
			isa = PBXGroup;
			children = (
				3E37D3611DF09E4A0054C4DA /* Assets.xcassets */,
				3E37D3661DF09E4A0054C4DA /* Info.plist */,
				3E37D3631DF09E4A0054C4DA /* LaunchScreen.storyboard */,
			);
			name = "Supporting Files";
			sourceTree = "<group>";
		};
		42976BD61DF6B30100ADB0D7 /* mino */ = {
			isa = PBXGroup;
			children = (
				3E36B16F1DF2033000385315 /* CouponTableViewController.swift */,
				3E36B1761DF2048F00385315 /* CouponTableViewCell.swift */,
				3E36B1721DF203FC00385315 /* DetailCouponViewController.swift */,
				3E36B1741DF2046D00385315 /* AddEditCouponViewController.swift */,
			);
			name = mino;
			sourceTree = "<group>";
		};
		42976C1B1DF6C4C400ADB0D7 /* DatabaseModel */ = {
			isa = PBXGroup;
			children = (
				42140E311DF7CDD9003B287B /* Brand+CoreDataClass.swift */,
				42140E321DF7CDD9003B287B /* Brand+CoreDataProperties.swift */,
				42140E331DF7CDD9003B287B /* Category+CoreDataClass.swift */,
				42140E341DF7CDD9003B287B /* Category+CoreDataProperties.swift */,
				42140E351DF7CDD9003B287B /* Membership+CoreDataClass.swift */,
				42140E361DF7CDD9003B287B /* Membership+CoreDataProperties.swift */,
				42140E371DF7CDD9003B287B /* Coupon+CoreDataClass.swift */,
				42140E381DF7CDD9003B287B /* Coupon+CoreDataProperties.swift */,
				42140E391DF7CDD9003B287B /* Image+CoreDataClass.swift */,
				42140E3A1DF7CDD9003B287B /* Image+CoreDataProperties.swift */,
			);
			name = DatabaseModel;
			sourceTree = "<group>";
		};
/* End PBXGroup section */

/* Begin PBXNativeTarget section */
		3E37D3541DF09E4A0054C4DA /* MemebershipCoupon */ = {
			isa = PBXNativeTarget;
			buildConfigurationList = 3E37D3691DF09E4A0054C4DA /* Build configuration list for PBXNativeTarget "MemebershipCoupon" */;
			buildPhases = (
				3E37D3511DF09E4A0054C4DA /* Sources */,
				3E37D3521DF09E4A0054C4DA /* Frameworks */,
				3E37D3531DF09E4A0054C4DA /* Resources */,
			);
			buildRules = (
			);
			dependencies = (
			);
			name = MemebershipCoupon;
			productName = CouponUI;
			productReference = 3E37D3551DF09E4A0054C4DA /* MemebershipCoupon.app */;
			productType = "com.apple.product-type.application";
		};
/* End PBXNativeTarget section */

/* Begin PBXProject section */
		3E37D34D1DF09E490054C4DA /* Project object */ = {
			isa = PBXProject;
			attributes = {
				LastSwiftUpdateCheck = 0810;
				LastUpgradeCheck = 0810;
				ORGANIZATIONNAME = mino;
				TargetAttributes = {
					3E37D3541DF09E4A0054C4DA = {
						CreatedOnToolsVersion = 8.1;
						DevelopmentTeam = VHBSR3XVN2;
						ProvisioningStyle = Automatic;
					};
				};
			};
			buildConfigurationList = 3E37D3501DF09E490054C4DA /* Build configuration list for PBXProject "MemebershipCoupon" */;
			compatibilityVersion = "Xcode 3.2";
			developmentRegion = English;
			hasScannedForEncodings = 0;
			knownRegions = (
				en,
				Base,
			);
			mainGroup = 3E37D34C1DF09E490054C4DA;
			productRefGroup = 3E37D3561DF09E4A0054C4DA /* Products */;
			projectDirPath = "";
			projectRoot = "";
			targets = (
				3E37D3541DF09E4A0054C4DA /* MemebershipCoupon */,
			);
		};
/* End PBXProject section */

/* Begin PBXResourcesBuildPhase section */
		3E37D3531DF09E4A0054C4DA /* Resources */ = {
			isa = PBXResourcesBuildPhase;
			buildActionMask = 2147483647;
			files = (
				3E37D3651DF09E4A0054C4DA /* LaunchScreen.storyboard in Resources */,
				3E37D3621DF09E4A0054C4DA /* Assets.xcassets in Resources */,
				42976BF71DF6B48100ADB0D7 /* Main.storyboard in Resources */,
			);
			runOnlyForDeploymentPostprocessing = 0;
		};
/* End PBXResourcesBuildPhase section */

/* Begin PBXSourcesBuildPhase section */
		3E37D3511DF09E4A0054C4DA /* Sources */ = {
			isa = PBXSourcesBuildPhase;
			buildActionMask = 2147483647;
			files = (
				42140E3B1DF7CDD9003B287B /* Brand+CoreDataClass.swift in Sources */,
				A0C90BC91DFAA14000F58AB3 /* MembershipCollectionVCell.swift in Sources */,
				3E36B1751DF2046D00385315 /* AddEditCouponViewController.swift in Sources */,
				A0C90BCC1DFAA14000F58AB3 /* ChoiceMembershipVC.swift in Sources */,
				42140E421DF7CDD9003B287B /* Coupon+CoreDataProperties.swift in Sources */,
				42976BDD1DF6B38100ADB0D7 /* CouponDetailViewController.swift in Sources */,
				42976BDC1DF6B38100ADB0D7 /* CouponViewController.swift in Sources */,
				42140E3F1DF7CDD9003B287B /* Membership+CoreDataClass.swift in Sources */,
				A0C90BC81DFAA14000F58AB3 /* MembershipCollectionVC.swift in Sources */,
				3E37D3591DF09E4A0054C4DA /* AppDelegate.swift in Sources */,
				3E36B1791DF2133000385315 /* GenerateBarcode.swift in Sources */,
				A0C90BCB1DFAA14000F58AB3 /* AddEditMemebershipVC.swift in Sources */,
				3E36B1731DF203FC00385315 /* DetailCouponViewController.swift in Sources */,
				42976C0A1DF6C23800ADB0D7 /* Model.xcdatamodeld in Sources */,
				42976BE01DF6B39200ADB0D7 /* DBUtil.swift in Sources */,
				3E37D35B1DF09E4A0054C4DA /* FavoriteViewController.swift in Sources */,
				42976BDE1DF6B38100ADB0D7 /* CouponAddViewController.swift in Sources */,
				A0C90BCA1DFAA14000F58AB3 /* ShowMembershipVC.swift in Sources */,
				3E36B1771DF2048F00385315 /* CouponTableViewCell.swift in Sources */,
				42140E431DF7CDD9003B287B /* Image+CoreDataClass.swift in Sources */,
				42140E3D1DF7CDD9003B287B /* Category+CoreDataClass.swift in Sources */,
				A0C90BC01DFAA13100F58AB3 /* Function.swift in Sources */,
				42140E3E1DF7CDD9003B287B /* Category+CoreDataProperties.swift in Sources */,
				42976BD81DF6B37300ADB0D7 /* CouponCell.swift in Sources */,
				3E36B1701DF2033000385315 /* CouponTableViewController.swift in Sources */,
				A0C90BC71DFAA14000F58AB3 /* MembershipClass.swift in Sources */,
				42140E401DF7CDD9003B287B /* Membership+CoreDataProperties.swift in Sources */,
				42140E3C1DF7CDD9003B287B /* Brand+CoreDataProperties.swift in Sources */,
				42140E411DF7CDD9003B287B /* Coupon+CoreDataClass.swift in Sources */,
				42140E441DF7CDD9003B287B /* Image+CoreDataProperties.swift in Sources */,
			);
			runOnlyForDeploymentPostprocessing = 0;
		};
/* End PBXSourcesBuildPhase section */

/* Begin PBXVariantGroup section */
		3E37D3631DF09E4A0054C4DA /* LaunchScreen.storyboard */ = {
			isa = PBXVariantGroup;
			children = (
				3E37D3641DF09E4A0054C4DA /* Base */,
			);
			name = LaunchScreen.storyboard;
			sourceTree = "<group>";
		};
/* End PBXVariantGroup section */

/* Begin XCBuildConfiguration section */
		3E37D3671DF09E4A0054C4DA /* Debug */ = {
			isa = XCBuildConfiguration;
			buildSettings = {
				ALWAYS_SEARCH_USER_PATHS = NO;
				CLANG_ANALYZER_NONNULL = YES;
				CLANG_CXX_LANGUAGE_STANDARD = "gnu++0x";
				CLANG_CXX_LIBRARY = "libc++";
				CLANG_ENABLE_MODULES = YES;
				CLANG_ENABLE_OBJC_ARC = YES;
				CLANG_WARN_BOOL_CONVERSION = YES;
				CLANG_WARN_CONSTANT_CONVERSION = YES;
				CLANG_WARN_DIRECT_OBJC_ISA_USAGE = YES_ERROR;
				CLANG_WARN_DOCUMENTATION_COMMENTS = YES;
				CLANG_WARN_EMPTY_BODY = YES;
				CLANG_WARN_ENUM_CONVERSION = YES;
				CLANG_WARN_INFINITE_RECURSION = YES;
				CLANG_WARN_INT_CONVERSION = YES;
				CLANG_WARN_OBJC_ROOT_CLASS = YES_ERROR;
				CLANG_WARN_SUSPICIOUS_MOVES = YES;
				CLANG_WARN_UNREACHABLE_CODE = YES;
				CLANG_WARN__DUPLICATE_METHOD_MATCH = YES;
				"CODE_SIGN_IDENTITY[sdk=iphoneos*]" = "iPhone Developer";
				COPY_PHASE_STRIP = NO;
				DEBUG_INFORMATION_FORMAT = dwarf;
				ENABLE_STRICT_OBJC_MSGSEND = YES;
				ENABLE_TESTABILITY = YES;
				GCC_C_LANGUAGE_STANDARD = gnu99;
				GCC_DYNAMIC_NO_PIC = NO;
				GCC_NO_COMMON_BLOCKS = YES;
				GCC_OPTIMIZATION_LEVEL = 0;
				GCC_PREPROCESSOR_DEFINITIONS = (
					"DEBUG=1",
					"$(inherited)",
				);
				GCC_WARN_64_TO_32_BIT_CONVERSION = YES;
				GCC_WARN_ABOUT_RETURN_TYPE = YES_ERROR;
				GCC_WARN_UNDECLARED_SELECTOR = YES;
				GCC_WARN_UNINITIALIZED_AUTOS = YES_AGGRESSIVE;
				GCC_WARN_UNUSED_FUNCTION = YES;
				GCC_WARN_UNUSED_VARIABLE = YES;
				IPHONEOS_DEPLOYMENT_TARGET = 10.1;
				MTL_ENABLE_DEBUG_INFO = YES;
				ONLY_ACTIVE_ARCH = YES;
				SDKROOT = iphoneos;
				SWIFT_ACTIVE_COMPILATION_CONDITIONS = DEBUG;
				SWIFT_OPTIMIZATION_LEVEL = "-Onone";
			};
			name = Debug;
		};
		3E37D3681DF09E4A0054C4DA /* Release */ = {
			isa = XCBuildConfiguration;
			buildSettings = {
				ALWAYS_SEARCH_USER_PATHS = NO;
				CLANG_ANALYZER_NONNULL = YES;
				CLANG_CXX_LANGUAGE_STANDARD = "gnu++0x";
				CLANG_CXX_LIBRARY = "libc++";
				CLANG_ENABLE_MODULES = YES;
				CLANG_ENABLE_OBJC_ARC = YES;
				CLANG_WARN_BOOL_CONVERSION = YES;
				CLANG_WARN_CONSTANT_CONVERSION = YES;
				CLANG_WARN_DIRECT_OBJC_ISA_USAGE = YES_ERROR;
				CLANG_WARN_DOCUMENTATION_COMMENTS = YES;
				CLANG_WARN_EMPTY_BODY = YES;
				CLANG_WARN_ENUM_CONVERSION = YES;
				CLANG_WARN_INFINITE_RECURSION = YES;
				CLANG_WARN_INT_CONVERSION = YES;
				CLANG_WARN_OBJC_ROOT_CLASS = YES_ERROR;
				CLANG_WARN_SUSPICIOUS_MOVES = YES;
				CLANG_WARN_UNREACHABLE_CODE = YES;
				CLANG_WARN__DUPLICATE_METHOD_MATCH = YES;
				"CODE_SIGN_IDENTITY[sdk=iphoneos*]" = "iPhone Developer";
				COPY_PHASE_STRIP = NO;
				DEBUG_INFORMATION_FORMAT = "dwarf-with-dsym";
				ENABLE_NS_ASSERTIONS = NO;
				ENABLE_STRICT_OBJC_MSGSEND = YES;
				GCC_C_LANGUAGE_STANDARD = gnu99;
				GCC_NO_COMMON_BLOCKS = YES;
				GCC_WARN_64_TO_32_BIT_CONVERSION = YES;
				GCC_WARN_ABOUT_RETURN_TYPE = YES_ERROR;
				GCC_WARN_UNDECLARED_SELECTOR = YES;
				GCC_WARN_UNINITIALIZED_AUTOS = YES_AGGRESSIVE;
				GCC_WARN_UNUSED_FUNCTION = YES;
				GCC_WARN_UNUSED_VARIABLE = YES;
				IPHONEOS_DEPLOYMENT_TARGET = 10.1;
				MTL_ENABLE_DEBUG_INFO = NO;
				SDKROOT = iphoneos;
				SWIFT_OPTIMIZATION_LEVEL = "-Owholemodule";
				VALIDATE_PRODUCT = YES;
			};
			name = Release;
		};
		3E37D36A1DF09E4A0054C4DA /* Debug */ = {
			isa = XCBuildConfiguration;
			buildSettings = {
				ASSETCATALOG_COMPILER_APPICON_NAME = AppIcon;
				DEVELOPMENT_TEAM = VHBSR3XVN2;
				INFOPLIST_FILE = CouponUI/Info.plist;
				LD_RUNPATH_SEARCH_PATHS = "$(inherited) @executable_path/Frameworks";
				PRODUCT_BUNDLE_IDENTIFIER = com.minos.CouponUI;
				PRODUCT_NAME = "$(TARGET_NAME)";
				SWIFT_VERSION = 3.0;
			};
			name = Debug;
		};
		3E37D36B1DF09E4A0054C4DA /* Release */ = {
			isa = XCBuildConfiguration;
			buildSettings = {
				ASSETCATALOG_COMPILER_APPICON_NAME = AppIcon;
				DEVELOPMENT_TEAM = VHBSR3XVN2;
				INFOPLIST_FILE = CouponUI/Info.plist;
				LD_RUNPATH_SEARCH_PATHS = "$(inherited) @executable_path/Frameworks";
				PRODUCT_BUNDLE_IDENTIFIER = com.minos.CouponUI;
				PRODUCT_NAME = "$(TARGET_NAME)";
				SWIFT_VERSION = 3.0;
			};
			name = Release;
		};
/* End XCBuildConfiguration section */

/* Begin XCConfigurationList section */
		3E37D3501DF09E490054C4DA /* Build configuration list for PBXProject "MemebershipCoupon" */ = {
			isa = XCConfigurationList;
			buildConfigurations = (
				3E37D3671DF09E4A0054C4DA /* Debug */,
				3E37D3681DF09E4A0054C4DA /* Release */,
			);
			defaultConfigurationIsVisible = 0;
			defaultConfigurationName = Release;
		};
		3E37D3691DF09E4A0054C4DA /* Build configuration list for PBXNativeTarget "MemebershipCoupon" */ = {
			isa = XCConfigurationList;
			buildConfigurations = (
				3E37D36A1DF09E4A0054C4DA /* Debug */,
				3E37D36B1DF09E4A0054C4DA /* Release */,
			);
			defaultConfigurationIsVisible = 0;
			defaultConfigurationName = Release;
		};
/* End XCConfigurationList section */

/* Begin XCVersionGroup section */
		42976C081DF6C23800ADB0D7 /* Model.xcdatamodeld */ = {
			isa = XCVersionGroup;
			children = (
				42976C091DF6C23800ADB0D7 /* Model.xcdatamodel */,
			);
			currentVersion = 42976C091DF6C23800ADB0D7 /* Model.xcdatamodel */;
			path = Model.xcdatamodeld;
			sourceTree = "<group>";
			versionGroupType = wrapper.xcdatamodel;
		};
/* End XCVersionGroup section */
	};
	rootObject = 3E37D34D1DF09E490054C4DA /* Project object */;
}
